dependencies:
- name: infra
  repository: file://../../services/infra
  version: 26.04.2
- name: vios
  repository: file://../../services/vios
  version: 26.04.2
- name: agent
  repository: file://../../services/agent
  version: 26.04.2
- name: vss-agent-ui
  repository: file://../../services/ui
  version: 26.04.2
- name: vss-alert-bridge
  repository: file://../../services/alert
  version: 26.04.2
- name: analytics
  repository: file://../../services/analytics
  version: 26.04.2
- name: rtvi
  repository: file://../../services/rtvi
  version: 26.04.2
- name: nims
  repository: file://../../services/nims
  version: 26.04.2
- name: calibration-toolkit
  repository: file://../../services/calibration-toolkit
  version: 26.04.2
- name: import-calibration
  repository: file://services/import-calibration
  version: 26.04.2
digest: sha256:2839be393c297aec18ad8470e850088638411df53e284bc67c46fd0676b0cf6d
generated: "2026-05-08T11:04:14.660518292Z"
